
Microsoft Visual Studio Solution File, Format Version 12.00
# Visual Studio Version 17
VisualStudioVersion = 17.9.34616.47
MinimumVisualStudioVersion = 10.0.40219.1
Project("{FAE04EC0-301F-11D3-BF4B-00C04F79EFBC}") = "calculatordemo", "calculatordemo\calculatordemo.csproj", "{9938044C-3B2F-4FFA-AC56-FA9685161A22}"
EndProject
Global
	GlobalSection(SolutionConfigurationPlatforms) = preSolution
		Debug|Any CPU = Debug|Any CPU
		Release|Any CPU = Release|Any CPU
	EndGlobalSection
	GlobalSection(ProjectConfigurationPlatforms) = postSolution
		{9938044C-3B2F-4FFA-AC56-FA9685161A22}.Debug|Any CPU.ActiveCfg = Debug|Any CPU
		{9938044C-3B2F-4FFA-AC56-FA9685161A22}.Debug|Any CPU.Build.0 = Debug|Any CPU
		{9938044C-3B2F-4FFA-AC56-FA9685161A22}.Release|Any CPU.ActiveCfg = Release|Any CPU
		{9938044C-3B2F-4FFA-AC56-FA9685161A22}.Release|Any CPU.Build.0 = Release|Any CPU
	EndGlobalSection
	GlobalSection(SolutionProperties) = preSolution
		HideSolutionNode = FALSE
	EndGlobalSection
	GlobalSection(ExtensibilityGlobals) = postSolution
		SolutionGuid = {90685D84-D3CC-465B-8A81-202A81C14723}
	EndGlobalSection
EndGlobal
